
Microsoft Visual Studio Solution File, Format Version 12.00
# Visual Studio Version 16
VisualStudioVersion = 16.0.29509.3
MinimumVisualStudioVersion = 10.0.40219.1
Project("{FAE04EC0-301F-11D3-BF4B-00C04F79EFBC}") = "addresbook-web-test", "addresbook-web-test\addresbook-web-test.csproj", "{A8FFF348-981F-47A6-970F-D45A975FEC6C}"
EndProject
Global
	GlobalSection(SolutionConfigurationPlatforms) = preSolution
		Debug|Any CPU = Debug|Any CPU
		Release|Any CPU = Release|Any CPU
	EndGlobalSection
	GlobalSection(ProjectConfigurationPlatforms) = postSolution
		{A8FFF348-981F-47A6-970F-D45A975FEC6C}.Debug|Any CPU.ActiveCfg = Debug|Any CPU
		{A8FFF348-981F-47A6-970F-D45A975FEC6C}.Debug|Any CPU.Build.0 = Debug|Any CPU
		{A8FFF348-981F-47A6-970F-D45A975FEC6C}.Release|Any CPU.ActiveCfg = Release|Any CPU
		{A8FFF348-981F-47A6-970F-D45A975FEC6C}.Release|Any CPU.Build.0 = Release|Any CPU
	EndGlobalSection
	GlobalSection(SolutionProperties) = preSolution
		HideSolutionNode = FALSE
	EndGlobalSection
	GlobalSection(ExtensibilityGlobals) = postSolution
		SolutionGuid = {01C0D5AB-9520-426E-92AE-4F2E70427384}
	EndGlobalSection
EndGlobal
